<?xml version="1.0" encoding="utf-8"?>
<Project ToolsVersion="4.0" xmlns="http://schemas.microsoft.com/developer/msbuild/2003">
  <ItemGroup>
    <Filter Include="Source Files">
      <UniqueIdentifier>{4FC737F1-C7A5-4376-A066-2A32D752A2FF}</UniqueIdentifier>
      <Extensions>cpp;c;cc;cxx;def;odl;idl;hpj;bat;asm;asmx</Extensions>
    </Filter>
    <Filter Include="Header Files">
      <UniqueIdentifier>{93995380-89BD-4b04-88EB-625FBE52EBFB}</UniqueIdentifier>
      <Extensions>h;hh;hpp;hxx;hm;inl;inc;xsd</Extensions>
    </Filter>
    <Filter Include="Resource Files">
      <UniqueIdentifier>{D9D6E242-F8AF-46E4-B9FD-80ECBC20BA3E}</UniqueIdentifier>
      <Extensions>qrc;*</Extensions>
      <ParseFiles>false</ParseFiles>
    </Filter>
    <Filter Include="Resource Files">
      <UniqueIdentifier>{D9D6E242-F8AF-46E4-B9FD-80ECBC20BA3E}</UniqueIdentifier>
      <Extensions>qrc;*</Extensions>
      <ParseFiles>false</ParseFiles>
    </Filter>
    <Filter Include="common">
      <UniqueIdentifier>{e4dff6d3-0370-448f-a502-196fb461da42}</UniqueIdentifier>
    </Filter>
    <Filter Include="common\baseclass">
      <UniqueIdentifier>{49eca123-7584-40ee-b2e4-4b274ef9b394}</UniqueIdentifier>
    </Filter>
    <Filter Include="common\meesage">
      <UniqueIdentifier>{dd6ce801-0c8c-4429-b6fb-e8cd4782ea6e}</UniqueIdentifier>
    </Filter>
    <Filter Include="common\def">
      <UniqueIdentifier>{ab51fc04-0ef8-410f-92fd-a0ba1d646680}</UniqueIdentifier>
    </Filter>
  </ItemGroup>
  <ItemGroup>
    <ClCompile Include="WinPCapTool.cpp">
      <Filter>Source Files</Filter>
    </ClCompile>
    <ClCompile Include="..\common\baseclass\BaseThread.cpp">
      <Filter>common\baseclass</Filter>
    </ClCompile>
    <ClCompile Include="..\common\baseclass\DebugTrace.cpp">
      <Filter>common\baseclass</Filter>
    </ClCompile>
    <ClCompile Include="..\common\baseclass\GlobalMemPoolBlock.cpp">
      <Filter>common\baseclass</Filter>
    </ClCompile>
    <ClCompile Include="..\common\baseclass\pathManage.cpp">
      <Filter>common\baseclass</Filter>
    </ClCompile>
    <ClCompile Include="..\common\baseclass\pathmanager.cpp">
      <Filter>common\baseclass</Filter>
    </ClCompile>
    <ClCompile Include="..\common\baseclass\PluginBase.cpp">
      <Filter>common\baseclass</Filter>
    </ClCompile>
    <ClCompile Include="..\common\message\Msg_CommonToolKit.cpp">
      <Filter>common\meesage</Filter>
    </ClCompile>
    <ClCompile Include="..\common\message\Msg_MainUI.cpp">
      <Filter>common\meesage</Filter>
    </ClCompile>
    <ClCompile Include="..\common\message\Msg_VhallRightExtraWidget.cpp">
      <Filter>common\meesage</Filter>
    </ClCompile>
    <ClCompile Include="WinPCapIns.cpp">
      <Filter>Source Files</Filter>
    </ClCompile>
    <ClCompile Include="stdafx.cpp">
      <Filter>Source Files</Filter>
    </ClCompile>
    <ClCompile Include="WinPCapLogic.cpp">
      <Filter>Source Files</Filter>
    </ClCompile>
    <ClCompile Include="WPcap.cpp">
      <Filter>Source Files</Filter>
    </ClCompile>
  </ItemGroup>
  <ItemGroup>
    <ClInclude Include="WinPCapTool.h">
      <Filter>Header Files</Filter>
    </ClInclude>
    <ClInclude Include="..\common\baseclass\BaseThread.h">
      <Filter>common\baseclass</Filter>
    </ClInclude>
    <ClInclude Include="..\common\baseclass\DebugTrace.h">
      <Filter>common\baseclass</Filter>
    </ClInclude>
    <ClInclude Include="..\common\baseclass\GlobalMemPoolBlock.h">
      <Filter>common\baseclass</Filter>
    </ClInclude>
    <ClInclude Include="..\common\baseclass\pathManage.h">
      <Filter>common\baseclass</Filter>
    </ClInclude>
    <ClInclude Include="..\common\baseclass\pathmanager.h">
      <Filter>common\baseclass</Filter>
    </ClInclude>
    <ClInclude Include="..\common\baseclass\PluginBase.h">
      <Filter>common\baseclass</Filter>
    </ClInclude>
    <ClInclude Include="..\common\message\Msg_CommonToolKit.h">
      <Filter>common\meesage</Filter>
    </ClInclude>
    <ClInclude Include="..\common\message\Msg_MainUI.h">
      <Filter>common\meesage</Filter>
    </ClInclude>
    <ClInclude Include="..\common\message\Msg_VhallRightExtraWidget.h">
      <Filter>common\meesage</Filter>
    </ClInclude>
    <ClInclude Include="WinPCapIns.h">
      <Filter>Header Files</Filter>
    </ClInclude>
    <ClInclude Include="..\common\def\VH_ConstDeff.h">
      <Filter>common\def</Filter>
    </ClInclude>
    <ClInclude Include="..\common\def\VH_Error.h">
      <Filter>common\def</Filter>
    </ClInclude>
    <ClInclude Include="..\common\def\VH_IUnknown.h">
      <Filter>common\def</Filter>
    </ClInclude>
    <ClInclude Include="..\common\def\VH_Macro.h">
      <Filter>common\def</Filter>
    </ClInclude>
    <ClInclude Include="..\common\def\VH_TypeDeff.h">
      <Filter>common\def</Filter>
    </ClInclude>
    <ClInclude Include="..\common\def\VHComPtr.h">
      <Filter>common\def</Filter>
    </ClInclude>
    <ClInclude Include="..\common\def\VHP_StruDeff.h">
      <Filter>common\def</Filter>
    </ClInclude>
    <ClInclude Include="stdafx.h">
      <Filter>Source Files</Filter>
    </ClInclude>
    <ClInclude Include="WinPCapLogic.h">
      <Filter>Header Files</Filter>
    </ClInclude>
    <ClInclude Include="IWinPCapData.h">
      <Filter>Header Files</Filter>
    </ClInclude>
    <ClInclude Include="WPcap.h">
      <Filter>Header Files</Filter>
    </ClInclude>
  </ItemGroup>
  <ItemGroup>
    <ClInclude Include="winpcaptool_global.h">
      <Filter>Header Files</Filter>
    </ClInclude>
  </ItemGroup>
  <ItemGroup>
    <None Include="WinPCap.def">
      <Filter>Source Files</Filter>
    </None>
  </ItemGroup>
</Project>